{
  "name": "ngx-feature-flags-testing",
  "version": "0.0.1",
  "lockfileVersion": 1,
  "requires": true,
  "dependencies": {
    "ngx-feature-flags": {
      "version": "1.0.0",
      "resolved": "https://registry.npmjs.org/ngx-feature-flags/-/ngx-feature-flags-1.0.0.tgz",
      "integrity": "sha512-ogjm+SLcyS3pa4/3HHRAB1eoUn5FmWNpGqVQF9mg7Cyl0pnTY+DjnwbDge37fJ3grrUs6Hyixv9mEn9z+jJBig==",
      "requires": {
        "tslib": "^1.9.0"
      },
      "dependencies": {
        "tslib": {
          "version": "1.13.0",
          "resolved": "https://registry.npmjs.org/tslib/-/tslib-1.13.0.tgz",
          "integrity": "sha512-i/6DQjL8Xf3be4K/E6Wgpekn5Qasl1usyw++dAA35Ue5orEn65VIxOA+YvNNl9HV3qv70T7CNwjODHZrLwvd1Q=="
        }
      }
    }
  }
}
